
Microsoft Visual Studio Solution File, Format Version 12.00
# Visual Studio Version 16
VisualStudioVersion = 16.0.30523.141
MinimumVisualStudioVersion = 10.0.40219.1
Project("{FAE04EC0-301F-11D3-BF4B-00C04F79EFBC}") = "FLBiH", "FLBiH\FLBiH.csproj", "{0B634F64-E23C-4D63-986A-74C4176B747D}"
EndProject
Global
	GlobalSection(SolutionConfigurationPlatforms) = preSolution
		Debug|Any CPU = Debug|Any CPU
		Release|Any CPU = Release|Any CPU
	EndGlobalSection
	GlobalSection(ProjectConfigurationPlatforms) = postSolution
		{0B634F64-E23C-4D63-986A-74C4176B747D}.Debug|Any CPU.ActiveCfg = Debug|Any CPU
		{0B634F64-E23C-4D63-986A-74C4176B747D}.Debug|Any CPU.Build.0 = Debug|Any CPU
		{0B634F64-E23C-4D63-986A-74C4176B747D}.Release|Any CPU.ActiveCfg = Release|Any CPU
		{0B634F64-E23C-4D63-986A-74C4176B747D}.Release|Any CPU.Build.0 = Release|Any CPU
	EndGlobalSection
	GlobalSection(SolutionProperties) = preSolution
		HideSolutionNode = FALSE
	EndGlobalSection
	GlobalSection(ExtensibilityGlobals) = postSolution
		SolutionGuid = {A2EB1EE8-3C66-4548-85F7-7F2AF85309A5}
	EndGlobalSection
EndGlobal
