
Microsoft Visual Studio Solution File, Format Version 12.00
# Visual Studio Version 16
VisualStudioVersion = 16.0.30523.141
MinimumVisualStudioVersion = 10.0.40219.1
Project("{FAE04EC0-301F-11D3-BF4B-00C04F79EFBC}") = "rep", "rep\rep.csproj", "{2E82C6CB-7D00-4331-B734-16D48A9D47F0}"
EndProject
Project("{9A19103F-16F7-4668-BE54-9A1E7A4F7556}") = "FudbalskaLigaBiH.WEB", "FudbalskaLigaBiH\FudbalskaLigaBiH.WEB.csproj", "{282A6F21-1DD1-4E32-8D9F-10CED3A0A503}"
EndProject
Project("{FAE04EC0-301F-11D3-BF4B-00C04F79EFBC}") = "FudbalskaLigaBiH.API", "API\FudbalskaLigaBiH.API.csproj", "{000F259C-3BD1-46A1-A74D-E99AEAA859C6}"
EndProject
Project("{FAE04EC0-301F-11D3-BF4B-00C04F79EFBC}") = "FudbalskaLigaBiH.Data", "Data\FudbalskaLigaBiH.Data.csproj", "{97288445-5C62-4F89-B488-F10DD7183F1D}"
EndProject
Global
	GlobalSection(SolutionConfigurationPlatforms) = preSolution
		Debug|Any CPU = Debug|Any CPU
		Release|Any CPU = Release|Any CPU
	EndGlobalSection
	GlobalSection(ProjectConfigurationPlatforms) = postSolution
		{2E82C6CB-7D00-4331-B734-16D48A9D47F0}.Debug|Any CPU.ActiveCfg = Debug|Any CPU
		{2E82C6CB-7D00-4331-B734-16D48A9D47F0}.Debug|Any CPU.Build.0 = Debug|Any CPU
		{2E82C6CB-7D00-4331-B734-16D48A9D47F0}.Release|Any CPU.ActiveCfg = Release|Any CPU
		{2E82C6CB-7D00-4331-B734-16D48A9D47F0}.Release|Any CPU.Build.0 = Release|Any CPU
		{282A6F21-1DD1-4E32-8D9F-10CED3A0A503}.Debug|Any CPU.ActiveCfg = Debug|Any CPU
		{282A6F21-1DD1-4E32-8D9F-10CED3A0A503}.Debug|Any CPU.Build.0 = Debug|Any CPU
		{282A6F21-1DD1-4E32-8D9F-10CED3A0A503}.Release|Any CPU.ActiveCfg = Release|Any CPU
		{282A6F21-1DD1-4E32-8D9F-10CED3A0A503}.Release|Any CPU.Build.0 = Release|Any CPU
		{000F259C-3BD1-46A1-A74D-E99AEAA859C6}.Debug|Any CPU.ActiveCfg = Debug|Any CPU
		{000F259C-3BD1-46A1-A74D-E99AEAA859C6}.Debug|Any CPU.Build.0 = Debug|Any CPU
		{000F259C-3BD1-46A1-A74D-E99AEAA859C6}.Release|Any CPU.ActiveCfg = Release|Any CPU
		{000F259C-3BD1-46A1-A74D-E99AEAA859C6}.Release|Any CPU.Build.0 = Release|Any CPU
		{97288445-5C62-4F89-B488-F10DD7183F1D}.Debug|Any CPU.ActiveCfg = Debug|Any CPU
		{97288445-5C62-4F89-B488-F10DD7183F1D}.Debug|Any CPU.Build.0 = Debug|Any CPU
		{97288445-5C62-4F89-B488-F10DD7183F1D}.Release|Any CPU.ActiveCfg = Release|Any CPU
		{97288445-5C62-4F89-B488-F10DD7183F1D}.Release|Any CPU.Build.0 = Release|Any CPU
	EndGlobalSection
	GlobalSection(SolutionProperties) = preSolution
		HideSolutionNode = FALSE
	EndGlobalSection
	GlobalSection(ExtensibilityGlobals) = postSolution
		SolutionGuid = {2D208358-AA32-422D-A8E1-1A7AB20F5B53}
	EndGlobalSection
EndGlobal
